
Microsoft Visual Studio Solution File, Format Version 12.00
# Visual Studio Version 17
VisualStudioVersion = 17.14.36401.2 d17.14
MinimumVisualStudioVersion = 10.0.40219.1
Project("{FAE04EC0-301F-11D3-BF4B-00C04F79EFBC}") = "WeatherAppWithDI", "WeatherAppWithDI\WeatherAppWithDI.csproj", "{8DABC61D-78CE-4340-992E-9D50BAC1B06F}"
EndProject
Project("{FAE04EC0-301F-11D3-BF4B-00C04F79EFBC}") = "Services", "Services\Services.csproj", "{051C5806-005D-43B1-87DB-07821C59DEC2}"
EndProject
Project("{FAE04EC0-301F-11D3-BF4B-00C04F79EFBC}") = "WeatherApp.Models", "WeatherApp.Models\WeatherApp.Models.csproj", "{B362AFF1-E9DB-464A-934C-08C8E563403B}"
EndProject
Project("{FAE04EC0-301F-11D3-BF4B-00C04F79EFBC}") = "ServiceConracts", "ServiceConracts\ServiceConracts.csproj", "{6731E24C-EA3D-4674-A938-4669C138F12A}"
EndProject
Global
	GlobalSection(SolutionConfigurationPlatforms) = preSolution
		Debug|Any CPU = Debug|Any CPU
		Release|Any CPU = Release|Any CPU
	EndGlobalSection
	GlobalSection(ProjectConfigurationPlatforms) = postSolution
		{8DABC61D-78CE-4340-992E-9D50BAC1B06F}.Debug|Any CPU.ActiveCfg = Debug|Any CPU
		{8DABC61D-78CE-4340-992E-9D50BAC1B06F}.Debug|Any CPU.Build.0 = Debug|Any CPU
		{8DABC61D-78CE-4340-992E-9D50BAC1B06F}.Release|Any CPU.ActiveCfg = Release|Any CPU
		{8DABC61D-78CE-4340-992E-9D50BAC1B06F}.Release|Any CPU.Build.0 = Release|Any CPU
		{051C5806-005D-43B1-87DB-07821C59DEC2}.Debug|Any CPU.ActiveCfg = Debug|Any CPU
		{051C5806-005D-43B1-87DB-07821C59DEC2}.Debug|Any CPU.Build.0 = Debug|Any CPU
		{051C5806-005D-43B1-87DB-07821C59DEC2}.Release|Any CPU.ActiveCfg = Release|Any CPU
		{051C5806-005D-43B1-87DB-07821C59DEC2}.Release|Any CPU.Build.0 = Release|Any CPU
		{B362AFF1-E9DB-464A-934C-08C8E563403B}.Debug|Any CPU.ActiveCfg = Debug|Any CPU
		{B362AFF1-E9DB-464A-934C-08C8E563403B}.Debug|Any CPU.Build.0 = Debug|Any CPU
		{B362AFF1-E9DB-464A-934C-08C8E563403B}.Release|Any CPU.ActiveCfg = Release|Any CPU
		{B362AFF1-E9DB-464A-934C-08C8E563403B}.Release|Any CPU.Build.0 = Release|Any CPU
		{6731E24C-EA3D-4674-A938-4669C138F12A}.Debug|Any CPU.ActiveCfg = Debug|Any CPU
		{6731E24C-EA3D-4674-A938-4669C138F12A}.Debug|Any CPU.Build.0 = Debug|Any CPU
		{6731E24C-EA3D-4674-A938-4669C138F12A}.Release|Any CPU.ActiveCfg = Release|Any CPU
		{6731E24C-EA3D-4674-A938-4669C138F12A}.Release|Any CPU.Build.0 = Release|Any CPU
	EndGlobalSection
	GlobalSection(SolutionProperties) = preSolution
		HideSolutionNode = FALSE
	EndGlobalSection
	GlobalSection(ExtensibilityGlobals) = postSolution
		SolutionGuid = {D120B03E-6415-4FDA-995B-96830AE8507D}
	EndGlobalSection
EndGlobal
